
Microsoft Visual Studio Solution File, Format Version 12.00
# Visual Studio Version 17
VisualStudioVersion = 17.0.31903.59
MinimumVisualStudioVersion = 10.0.40219.1
Project("{FAE04EC0-301F-11D3-BF4B-00C04F79EFBC}") = "AsteriskCallMonitor.Core", "AsteriskCallMonitor.Core\AsteriskCallMonitor.Core.csproj", "{591559CB-7395-4C61-8B5B-D901E5722098}"
EndProject
Project("{FAE04EC0-301F-11D3-BF4B-00C04F79EFBC}") = "AsteriskCallMonitor.ConsoleDemo", "AsteriskCallMonitor.ConsoleDemo\AsteriskCallMonitor.ConsoleDemo.csproj", "{631F0929-2272-4710-AC78-711DFC3D4931}"
EndProject
Global
	GlobalSection(SolutionConfigurationPlatforms) = preSolution
		Debug|Any CPU = Debug|Any CPU
		Debug|x64 = Debug|x64
		Debug|x86 = Debug|x86
		Release|Any CPU = Release|Any CPU
		Release|x64 = Release|x64
		Release|x86 = Release|x86
	EndGlobalSection
	GlobalSection(ProjectConfigurationPlatforms) = postSolution
		{591559CB-7395-4C61-8B5B-D901E5722098}.Debug|Any CPU.ActiveCfg = Debug|Any CPU
		{591559CB-7395-4C61-8B5B-D901E5722098}.Debug|Any CPU.Build.0 = Debug|Any CPU
		{591559CB-7395-4C61-8B5B-D901E5722098}.Debug|x64.ActiveCfg = Debug|Any CPU
		{591559CB-7395-4C61-8B5B-D901E5722098}.Debug|x64.Build.0 = Debug|Any CPU
		{591559CB-7395-4C61-8B5B-D901E5722098}.Debug|x86.ActiveCfg = Debug|Any CPU
		{591559CB-7395-4C61-8B5B-D901E5722098}.Debug|x86.Build.0 = Debug|Any CPU
		{591559CB-7395-4C61-8B5B-D901E5722098}.Release|Any CPU.ActiveCfg = Release|Any CPU
		{591559CB-7395-4C61-8B5B-D901E5722098}.Release|Any CPU.Build.0 = Release|Any CPU
		{591559CB-7395-4C61-8B5B-D901E5722098}.Release|x64.ActiveCfg = Release|Any CPU
		{591559CB-7395-4C61-8B5B-D901E5722098}.Release|x64.Build.0 = Release|Any CPU
		{591559CB-7395-4C61-8B5B-D901E5722098}.Release|x86.ActiveCfg = Release|Any CPU
		{591559CB-7395-4C61-8B5B-D901E5722098}.Release|x86.Build.0 = Release|Any CPU
		{631F0929-2272-4710-AC78-711DFC3D4931}.Debug|Any CPU.ActiveCfg = Debug|Any CPU
		{631F0929-2272-4710-AC78-711DFC3D4931}.Debug|Any CPU.Build.0 = Debug|Any CPU
		{631F0929-2272-4710-AC78-711DFC3D4931}.Debug|x64.ActiveCfg = Debug|Any CPU
		{631F0929-2272-4710-AC78-711DFC3D4931}.Debug|x64.Build.0 = Debug|Any CPU
		{631F0929-2272-4710-AC78-711DFC3D4931}.Debug|x86.ActiveCfg = Debug|Any CPU
		{631F0929-2272-4710-AC78-711DFC3D4931}.Debug|x86.Build.0 = Debug|Any CPU
		{631F0929-2272-4710-AC78-711DFC3D4931}.Release|Any CPU.ActiveCfg = Release|Any CPU
		{631F0929-2272-4710-AC78-711DFC3D4931}.Release|Any CPU.Build.0 = Release|Any CPU
		{631F0929-2272-4710-AC78-711DFC3D4931}.Release|x64.ActiveCfg = Release|Any CPU
		{631F0929-2272-4710-AC78-711DFC3D4931}.Release|x64.Build.0 = Release|Any CPU
		{631F0929-2272-4710-AC78-711DFC3D4931}.Release|x86.ActiveCfg = Release|Any CPU
		{631F0929-2272-4710-AC78-711DFC3D4931}.Release|x86.Build.0 = Release|Any CPU
	EndGlobalSection
	GlobalSection(SolutionProperties) = preSolution
		HideSolutionNode = FALSE
	EndGlobalSection
EndGlobal
